# @generated by Move, please check-in and do not edit manually.

[move]
version = 3
manifest_digest = "2DC91C798D0D11AFBBEE3DDD270F9768E9164C4F8F700D7C62814BFE51EB3776"
deps_digest = "F9B494B64F0615AED0E98FC12A85B85ECD2BC5185C22D30E7F67786BB52E507C"
dependencies = [
  { id = "Bridge", name = "Bridge" },
  { id = "MoveStdlib", name = "MoveStdlib" },
  { id = "Sui", name = "Sui" },
  { id = "SuiSystem", name = "SuiSystem" },
]

[[move.package]]
id = "Bridge"
source = { git = "https://github.com/MystenLabs/sui.git", rev = "6a2fc3c8f555", subdir = "crates/sui-framework/packages/bridge" }

dependencies = [
  { id = "MoveStdlib", name = "MoveStdlib" },
  { id = "Sui", name = "Sui" },
  { id = "SuiSystem", name = "SuiSystem" },
]

[[move.package]]
id = "MoveStdlib"
source = { git = "https://github.com/MystenLabs/sui.git", rev = "6a2fc3c8f555", subdir = "crates/sui-framework/packages/move-stdlib" }

[[move.package]]
id = "Sui"
source = { git = "https://github.com/MystenLabs/sui.git", rev = "6a2fc3c8f555", subdir = "crates/sui-framework/packages/sui-framework" }

dependencies = [
  { id = "MoveStdlib", name = "MoveStdlib" },
]

[[move.package]]
id = "SuiSystem"
source = { git = "https://github.com/MystenLabs/sui.git", rev = "6a2fc3c8f555", subdir = "crates/sui-framework/packages/sui-system" }

dependencies = [
  { id = "MoveStdlib", name = "MoveStdlib" },
  { id = "Sui", name = "Sui" },
]

[move.toolchain-version]
compiler-version = "1.48.1"
edition = "2024.beta"
flavor = "sui"

[env]

[env.testnet]
chain-id = "4c78adac"
original-published-id = "0x9d5ebe477c3f70fc8cfc482781856d3ec000e75bb3154b7af3c26ab36555ca7a"
latest-published-id = "0x9d5ebe477c3f70fc8cfc482781856d3ec000e75bb3154b7af3c26ab36555ca7a"
published-version = "1"

[env.mainnet]
chain-id = "35834a8a"
original-published-id = "0xca6e7b1b3e523a551e46fb90e4bf6690b91455919a909e9aa5e8b7619408c5ce"
latest-published-id = "0xca6e7b1b3e523a551e46fb90e4bf6690b91455919a909e9aa5e8b7619408c5ce"
published-version = "1"
