# @generated by Move, please check-in and do not edit manually.

[move]
version = 3
manifest_digest = "2C0136B510DD51EB4390DF88B524556FDCAB49E4589D1A63D460EC3A9FCDD0DA"
deps_digest = "52B406A7A21811BEF51751CF88DA0E76DAEFFEAC888D4F4060B1A72BBE7D8D35"
dependencies = [
  { id = "Bridge", name = "Bridge" },
  { id = "DeepBook", name = "DeepBook" },
  { id = "MoveStdlib", name = "MoveStdlib" },
  { id = "Sui", name = "Sui" },
  { id = "SuiSystem", name = "SuiSystem" },
  { id = "Walrus", name = "Walrus" },
]

[[move.package]]
id = "Bridge"
source = { git = "https://github.com/MystenLabs/sui.git", rev = "9c04e1840eb5", subdir = "crates/sui-framework/packages/bridge" }

dependencies = [
  { id = "MoveStdlib", name = "MoveStdlib" },
  { id = "Sui", name = "Sui" },
  { id = "SuiSystem", name = "SuiSystem" },
]

[[move.package]]
id = "DeepBook"
source = { git = "https://github.com/MystenLabs/sui.git", rev = "9c04e1840eb5", subdir = "crates/sui-framework/packages/deepbook" }

dependencies = [
  { id = "MoveStdlib", name = "MoveStdlib" },
  { id = "Sui", name = "Sui" },
]

[[move.package]]
id = "MoveStdlib"
source = { git = "https://github.com/MystenLabs/sui.git", rev = "9c04e1840eb5", subdir = "crates/sui-framework/packages/move-stdlib" }

[[move.package]]
id = "Sui"
source = { git = "https://github.com/MystenLabs/sui.git", rev = "9c04e1840eb5", subdir = "crates/sui-framework/packages/sui-framework" }

dependencies = [
  { id = "MoveStdlib", name = "MoveStdlib" },
]

[[move.package]]
id = "SuiSystem"
source = { git = "https://github.com/MystenLabs/sui.git", rev = "9c04e1840eb5", subdir = "crates/sui-framework/packages/sui-system" }

dependencies = [
  { id = "MoveStdlib", name = "MoveStdlib" },
  { id = "Sui", name = "Sui" },
]

[[move.package]]
id = "WAL"
source = { git = "https://github.com/MystenLabs/walrus.git", rev = "main", subdir = "contracts/wal" }

dependencies = [
  { id = "Sui", name = "Sui" },
]

[[move.package]]
id = "Walrus"
source = { git = "https://github.com/MystenLabs/walrus.git", rev = "main", subdir = "contracts/walrus" }

dependencies = [
  { id = "Sui", name = "Sui" },
  { id = "WAL", name = "WAL" },
]

[move.toolchain-version]
compiler-version = "1.45.2"
edition = "2024.beta"
flavor = "sui"

[env]

[env.testnet]
chain-id = "4c78adac"
original-published-id = "0x389d1f132c70e7c353543081fa731f5a26871b6ecf31c76284f388dbea189fcc"
latest-published-id = "0x389d1f132c70e7c353543081fa731f5a26871b6ecf31c76284f388dbea189fcc"
published-version = "1"
