# @generated by Move, please check-in and do not edit manually.

[move]
version = 3
manifest_digest = "2DC91C798D0D11AFBBEE3DDD270F9768E9164C4F8F700D7C62814BFE51EB3776"
deps_digest = "F9B494B64F0615AED0E98FC12A85B85ECD2BC5185C22D30E7F67786BB52E507C"
dependencies = [
  { id = "Bridge", name = "Bridge" },
  { id = "MoveStdlib", name = "MoveStdlib" },
  { id = "Sui", name = "Sui" },
  { id = "SuiSystem", name = "SuiSystem" },
]

[[move.package]]
id = "Bridge"
source = { git = "https://github.com/MystenLabs/sui.git", rev = "6a2fc3c8f555", subdir = "crates/sui-framework/packages/bridge" }

dependencies = [
  { id = "MoveStdlib", name = "MoveStdlib" },
  { id = "Sui", name = "Sui" },
  { id = "SuiSystem", name = "SuiSystem" },
]

[[move.package]]
id = "MoveStdlib"
source = { git = "https://github.com/MystenLabs/sui.git", rev = "6a2fc3c8f555", subdir = "crates/sui-framework/packages/move-stdlib" }

[[move.package]]
id = "Sui"
source = { git = "https://github.com/MystenLabs/sui.git", rev = "6a2fc3c8f555", subdir = "crates/sui-framework/packages/sui-framework" }

dependencies = [
  { id = "MoveStdlib", name = "MoveStdlib" },
]

[[move.package]]
id = "SuiSystem"
source = { git = "https://github.com/MystenLabs/sui.git", rev = "6a2fc3c8f555", subdir = "crates/sui-framework/packages/sui-system" }

dependencies = [
  { id = "MoveStdlib", name = "MoveStdlib" },
  { id = "Sui", name = "Sui" },
]

[move.toolchain-version]
compiler-version = "1.48.1"
edition = "2024.beta"
flavor = "sui"

[env]

[env.testnet]
chain-id = "4c78adac"
original-published-id = "0xa8da138454ae256fa6b7904bad7b02d0b6c09474a022332d2d2b4c799d6573d6"
latest-published-id = "0xa8da138454ae256fa6b7904bad7b02d0b6c09474a022332d2d2b4c799d6573d6"
published-version = "1"

[env.mainnet]
chain-id = "35834a8a"
original-published-id = "0xf7ed71550eb29ca3fcf1d4282f2a80f9b7f6970fcb9b6203b414e8d47b4c15fb"
latest-published-id = "0xf7ed71550eb29ca3fcf1d4282f2a80f9b7f6970fcb9b6203b414e8d47b4c15fb"
published-version = "1"
